{
  "requires": true,
  "lockfileVersion": 1,
  "dependencies": {
    "Babel": {
      "version": "0.0.1",
      "resolved": "https://registry.npmjs.org/Babel/-/Babel-0.0.1.tgz",
      "integrity": "sha512-RWEzb4K28gBlQPMjARJYPTBsrVhQNIM2AqpeouW0yZCCO/7Sei88qouGyuuJEoo7ql6mfCkwEACqPhfuY6sYTw==",
      "requires": {
        "step": "0.0.x",
        "underscore": "1.x.x"
      }
    },
    "step": {
      "version": "0.0.6",
      "resolved": "https://registry.npmjs.org/step/-/step-0.0.6.tgz",
      "integrity": "sha512-qSSeQinUJk2w38vUFobjFoE307GqsozMC8VisOCkJLpklvKPT0ptPHwWOrENoag8rgLudvTkfP3bancwP93/Jw=="
    },
    "underscore": {
      "version": "1.13.6",
      "resolved": "https://registry.npmjs.org/underscore/-/underscore-1.13.6.tgz",
      "integrity": "sha512-+A5Sja4HP1M08MaXya7p5LvjuM7K6q/2EaC0+iovj/wOcMsTzMvDFbasi/oSapiwOlt252IqsKqPjCl7huKS0A=="
    }
  }
}
